// !$*UTF8*$!
{
	archiveVersion = 1;
	classes = {
	};
	objectVersion = 46;
	objects = {

/* Begin PBXBuildFile section */
		191E1D3E1E82BD1600F02EAB /* main.m in Sources */ = {isa = PBXBuildFile; fileRef = 191E1D3D1E82BD1600F02EAB /* main.m */; };
		191E1D411E82BD1600F02EAB /* AppDelegate.m in Sources */ = {isa = PBXBuildFile; fileRef = 191E1D401E82BD1600F02EAB /* AppDelegate.m */; };
		191E1D441E82BD1600F02EAB /* ViewController.m in Sources */ = {isa = PBXBuildFile; fileRef = 191E1D431E82BD1600F02EAB /* ViewController.m */; };
		191E1D471E82BD1600F02EAB /* Main.storyboard in Resources */ = {isa = PBXBuildFile; fileRef = 191E1D451E82BD1600F02EAB /* Main.storyboard */; };
		191E1D4A1E82BD1600F02EAB /* IOSBD.xcdatamodeld in Sources */ = {isa = PBXBuildFile; fileRef = 191E1D481E82BD1600F02EAB /* IOSBD.xcdatamodeld */; };
		191E1D4C1E82BD1600F02EAB /* Assets.xcassets in Resources */ = {isa = PBXBuildFile; fileRef = 191E1D4B1E82BD1600F02EAB /* Assets.xcassets */; };
		191E1D4F1E82BD1600F02EAB /* LaunchScreen.storyboard in Resources */ = {isa = PBXBuildFile; fileRef = 191E1D4D1E82BD1600F02EAB /* LaunchScreen.storyboard */; };
		191E1D5A1E82BD1600F02EAB /* IOSBDTests.m in Sources */ = {isa = PBXBuildFile; fileRef = 191E1D591E82BD1600F02EAB /* IOSBDTests.m */; };
		191E1D651E82BD1700F02EAB /* IOSBDUITests.m in Sources */ = {isa = PBXBuildFile; fileRef = 191E1D641E82BD1700F02EAB /* IOSBDUITests.m */; };
		191E1D741E82C34300F02EAB /* MyTableViewDataSource.m in Sources */ = {isa = PBXBuildFile; fileRef = 191E1D731E82C34300F02EAB /* MyTableViewDataSource.m */; };
		19F236F71E83070C007052F3 /* MyManagedObjectProductMO+CoreDataProperties.m in Sources */ = {isa = PBXBuildFile; fileRef = 19F236F41E83070C007052F3 /* MyManagedObjectProductMO+CoreDataProperties.m */; };
		19F236F81E83070C007052F3 /* MyManagedObjectProductMO.m in Sources */ = {isa = PBXBuildFile; fileRef = 19F236F61E83070C007052F3 /* MyManagedObjectProductMO.m */; };
		19F236FB1E830C6D007052F3 /* MyDataController.m in Sources */ = {isa = PBXBuildFile; fileRef = 19F236FA1E830C6D007052F3 /* MyDataController.m */; };
/* End PBXBuildFile section */

/* Begin PBXContainerItemProxy section */
		191E1D561E82BD1600F02EAB /* PBXContainerItemProxy */ = {
			isa = PBXContainerItemProxy;
			containerPortal = 191E1D311E82BD1600F02EAB /* Project object */;
			proxyType = 1;
			remoteGlobalIDString = 191E1D381E82BD1600F02EAB;
			remoteInfo = IOSBD;
		};
		191E1D611E82BD1700F02EAB /* PBXContainerItemProxy */ = {
			isa = PBXContainerItemProxy;
			containerPortal = 191E1D311E82BD1600F02EAB /* Project object */;
			proxyType = 1;
			remoteGlobalIDString = 191E1D381E82BD1600F02EAB;
			remoteInfo = IOSBD;
		};
/* End PBXContainerItemProxy section */

/* Begin PBXFileReference section */
		191E1D391E82BD1600F02EAB /* IOSBD.app */ = {isa = PBXFileReference; explicitFileType = wrapper.application; includeInIndex = 0; path = IOSBD.app; sourceTree = BUILT_PRODUCTS_DIR; };
		191E1D3D1E82BD1600F02EAB /* main.m */ = {isa = PBXFileReference; lastKnownFileType = sourcecode.c.objc; path = main.m; sourceTree = "<group>"; };
		191E1D3F1E82BD1600F02EAB /* AppDelegate.h */ = {isa = PBXFileReference; lastKnownFileType = sourcecode.c.h; path = AppDelegate.h; sourceTree = "<group>"; };
		191E1D401E82BD1600F02EAB /* AppDelegate.m */ = {isa = PBXFileReference; lastKnownFileType = sourcecode.c.objc; path = AppDelegate.m; sourceTree = "<group>"; };
		191E1D421E82BD1600F02EAB /* ViewController.h */ = {isa = PBXFileReference; lastKnownFileType = sourcecode.c.h; path = ViewController.h; sourceTree = "<group>"; };
		191E1D431E82BD1600F02EAB /* ViewController.m */ = {isa = PBXFileReference; lastKnownFileType = sourcecode.c.objc; path = ViewController.m; sourceTree = "<group>"; };
		191E1D461E82BD1600F02EAB /* Base */ = {isa = PBXFileReference; lastKnownFileType = file.storyboard; name = Base; path = Base.lproj/Main.storyboard; sourceTree = "<group>"; };
		191E1D491E82BD1600F02EAB /* IOSBD.xcdatamodel */ = {isa = PBXFileReference; lastKnownFileType = wrapper.xcdatamodel; path = IOSBD.xcdatamodel; sourceTree = "<group>"; };
		191E1D4B1E82BD1600F02EAB /* Assets.xcassets */ = {isa = PBXFileReference; lastKnownFileType = folder.assetcatalog; path = Assets.xcassets; sourceTree = "<group>"; };
		191E1D4E1E82BD1600F02EAB /* Base */ = {isa = PBXFileReference; lastKnownFileType = file.storyboard; name = Base; path = Base.lproj/LaunchScreen.storyboard; sourceTree = "<group>"; };
		191E1D501E82BD1600F02EAB /* Info.plist */ = {isa = PBXFileReference; lastKnownFileType = text.plist.xml; path = Info.plist; sourceTree = "<group>"; };
		191E1D551E82BD1600F02EAB /* IOSBDTests.xctest */ = {isa = PBXFileReference; explicitFileType = wrapper.cfbundle; includeInIndex = 0; path = IOSBDTests.xctest; sourceTree = BUILT_PRODUCTS_DIR; };
		191E1D591E82BD1600F02EAB /* IOSBDTests.m */ = {isa = PBXFileReference; lastKnownFileType = sourcecode.c.objc; path = IOSBDTests.m; sourceTree = "<group>"; };
		191E1D5B1E82BD1700F02EAB /* Info.plist */ = {isa = PBXFileReference; lastKnownFileType = text.plist.xml; path = Info.plist; sourceTree = "<group>"; };
		191E1D601E82BD1700F02EAB /* IOSBDUITests.xctest */ = {isa = PBXFileReference; explicitFileType = wrapper.cfbundle; includeInIndex = 0; path = IOSBDUITests.xctest; sourceTree = BUILT_PRODUCTS_DIR; };
		191E1D641E82BD1700F02EAB /* IOSBDUITests.m */ = {isa = PBXFileReference; lastKnownFileType = sourcecode.c.objc; path = IOSBDUITests.m; sourceTree = "<group>"; };
		191E1D661E82BD1700F02EAB /* Info.plist */ = {isa = PBXFileReference; lastKnownFileType = text.plist.xml; path = Info.plist; sourceTree = "<group>"; };
		191E1D721E82C34300F02EAB /* MyTableViewDataSource.h */ = {isa = PBXFileReference; fileEncoding = 4; lastKnownFileType = sourcecode.c.h; path = MyTableViewDataSource.h; sourceTree = "<group>"; };
		191E1D731E82C34300F02EAB /* MyTableViewDataSource.m */ = {isa = PBXFileReference; fileEncoding = 4; lastKnownFileType = sourcecode.c.objc; path = MyTableViewDataSource.m; sourceTree = "<group>"; };
		19F236F31E83070C007052F3 /* MyManagedObjectProductMO+CoreDataProperties.h */ = {isa = PBXFileReference; fileEncoding = 4; lastKnownFileType = sourcecode.c.h; path = "MyManagedObjectProductMO+CoreDataProperties.h"; sourceTree = "<group>"; };
		19F236F41E83070C007052F3 /* MyManagedObjectProductMO+CoreDataProperties.m */ = {isa = PBXFileReference; fileEncoding = 4; lastKnownFileType = sourcecode.c.objc; path = "MyManagedObjectProductMO+CoreDataProperties.m"; sourceTree = "<group>"; };
		19F236F51E83070C007052F3 /* MyManagedObjectProductMO.h */ = {isa = PBXFileReference; fileEncoding = 4; lastKnownFileType = sourcecode.c.h; path = MyManagedObjectProductMO.h; sourceTree = "<group>"; };
		19F236F61E83070C007052F3 /* MyManagedObjectProductMO.m */ = {isa = PBXFileReference; fileEncoding = 4; lastKnownFileType = sourcecode.c.objc; path = MyManagedObjectProductMO.m; sourceTree = "<group>"; };
		19F236F91E830C6D007052F3 /* MyDataController.h */ = {isa = PBXFileReference; fileEncoding = 4; lastKnownFileType = sourcecode.c.h; path = MyDataController.h; sourceTree = "<group>"; };
		19F236FA1E830C6D007052F3 /* MyDataController.m */ = {isa = PBXFileReference; fileEncoding = 4; lastKnownFileType = sourcecode.c.objc; path = MyDataController.m; sourceTree = "<group>"; };
/* End PBXFileReference section */

/* Begin PBXFrameworksBuildPhase section */
		191E1D361E82BD1600F02EAB /* Frameworks */ = {
			isa = PBXFrameworksBuildPhase;
			buildActionMask = 2147483647;
			files = (
			);
			runOnlyForDeploymentPostprocessing = 0;
		};
		191E1D521E82BD1600F02EAB /* Frameworks */ = {
			isa = PBXFrameworksBuildPhase;
			buildActionMask = 2147483647;
			files = (
			);
			runOnlyForDeploymentPostprocessing = 0;
		};
		191E1D5D1E82BD1700F02EAB /* Frameworks */ = {
			isa = PBXFrameworksBuildPhase;
			buildActionMask = 2147483647;
			files = (
			);
			runOnlyForDeploymentPostprocessing = 0;
		};
/* End PBXFrameworksBuildPhase section */

/* Begin PBXGroup section */
		191E1D301E82BD1600F02EAB = {
			isa = PBXGroup;
			children = (
				191E1D3B1E82BD1600F02EAB /* IOSBD */,
				191E1D581E82BD1600F02EAB /* IOSBDTests */,
				191E1D631E82BD1700F02EAB /* IOSBDUITests */,
				191E1D3A1E82BD1600F02EAB /* Products */,
			);
			sourceTree = "<group>";
		};
		191E1D3A1E82BD1600F02EAB /* Products */ = {
			isa = PBXGroup;
			children = (
				191E1D391E82BD1600F02EAB /* IOSBD.app */,
				191E1D551E82BD1600F02EAB /* IOSBDTests.xctest */,
				191E1D601E82BD1700F02EAB /* IOSBDUITests.xctest */,
			);
			name = Products;
			sourceTree = "<group>";
		};
		191E1D3B1E82BD1600F02EAB /* IOSBD */ = {
			isa = PBXGroup;
			children = (
				191E1D3F1E82BD1600F02EAB /* AppDelegate.h */,
				191E1D401E82BD1600F02EAB /* AppDelegate.m */,
				191E1D421E82BD1600F02EAB /* ViewController.h */,
				191E1D431E82BD1600F02EAB /* ViewController.m */,
				191E1D721E82C34300F02EAB /* MyTableViewDataSource.h */,
				191E1D731E82C34300F02EAB /* MyTableViewDataSource.m */,
				19F236F31E83070C007052F3 /* MyManagedObjectProductMO+CoreDataProperties.h */,
				19F236F41E83070C007052F3 /* MyManagedObjectProductMO+CoreDataProperties.m */,
				19F236F51E83070C007052F3 /* MyManagedObjectProductMO.h */,
				19F236F61E83070C007052F3 /* MyManagedObjectProductMO.m */,
				19F236F91E830C6D007052F3 /* MyDataController.h */,
				19F236FA1E830C6D007052F3 /* MyDataController.m */,
				191E1D451E82BD1600F02EAB /* Main.storyboard */,
				191E1D4B1E82BD1600F02EAB /* Assets.xcassets */,
				191E1D4D1E82BD1600F02EAB /* LaunchScreen.storyboard */,
				191E1D501E82BD1600F02EAB /* Info.plist */,
				191E1D481E82BD1600F02EAB /* IOSBD.xcdatamodeld */,
				191E1D3C1E82BD1600F02EAB /* Supporting Files */,
			);
			path = IOSBD;
			sourceTree = "<group>";
		};
		191E1D3C1E82BD1600F02EAB /* Supporting Files */ = {
			isa = PBXGroup;
			children = (
				191E1D3D1E82BD1600F02EAB /* main.m */,
			);
			name = "Supporting Files";
			sourceTree = "<group>";
		};
		191E1D581E82BD1600F02EAB /* IOSBDTests */ = {
			isa = PBXGroup;
			children = (
				191E1D591E82BD1600F02EAB /* IOSBDTests.m */,
				191E1D5B1E82BD1700F02EAB /* Info.plist */,
			);
			path = IOSBDTests;
			sourceTree = "<group>";
		};
		191E1D631E82BD1700F02EAB /* IOSBDUITests */ = {
			isa = PBXGroup;
			children = (
				191E1D641E82BD1700F02EAB /* IOSBDUITests.m */,
				191E1D661E82BD1700F02EAB /* Info.plist */,
			);
			path = IOSBDUITests;
			sourceTree = "<group>";
		};
/* End PBXGroup section */

/* Begin PBXNativeTarget section */
		191E1D381E82BD1600F02EAB /* IOSBD */ = {
			isa = PBXNativeTarget;
			buildConfigurationList = 191E1D691E82BD1700F02EAB /* Build configuration list for PBXNativeTarget "IOSBD" */;
			buildPhases = (
				191E1D351E82BD1600F02EAB /* Sources */,
				191E1D361E82BD1600F02EAB /* Frameworks */,
				191E1D371E82BD1600F02EAB /* Resources */,
			);
			buildRules = (
			);
			dependencies = (
			);
			name = IOSBD;
			productName = IOSBD;
			productReference = 191E1D391E82BD1600F02EAB /* IOSBD.app */;
			productType = "com.apple.product-type.application";
		};
		191E1D541E82BD1600F02EAB /* IOSBDTests */ = {
			isa = PBXNativeTarget;
			buildConfigurationList = 191E1D6C1E82BD1700F02EAB /* Build configuration list for PBXNativeTarget "IOSBDTests" */;
			buildPhases = (
				191E1D511E82BD1600F02EAB /* Sources */,
				191E1D521E82BD1600F02EAB /* Frameworks */,
				191E1D531E82BD1600F02EAB /* Resources */,
			);
			buildRules = (
			);
			dependencies = (
				191E1D571E82BD1600F02EAB /* PBXTargetDependency */,
			);
			name = IOSBDTests;
			productName = IOSBDTests;
			productReference = 191E1D551E82BD1600F02EAB /* IOSBDTests.xctest */;
			productType = "com.apple.product-type.bundle.unit-test";
		};
		191E1D5F1E82BD1700F02EAB /* IOSBDUITests */ = {
			isa = PBXNativeTarget;
			buildConfigurationList = 191E1D6F1E82BD1700F02EAB /* Build configuration list for PBXNativeTarget "IOSBDUITests" */;
			buildPhases = (
				191E1D5C1E82BD1700F02EAB /* Sources */,
				191E1D5D1E82BD1700F02EAB /* Frameworks */,
				191E1D5E1E82BD1700F02EAB /* Resources */,
			);
			buildRules = (
			);
			dependencies = (
				191E1D621E82BD1700F02EAB /* PBXTargetDependency */,
			);
			name = IOSBDUITests;
			productName = IOSBDUITests;
			productReference = 191E1D601E82BD1700F02EAB /* IOSBDUITests.xctest */;
			productType = "com.apple.product-type.bundle.ui-testing";
		};
/* End PBXNativeTarget section */

/* Begin PBXProject section */
		191E1D311E82BD1600F02EAB /* Project object */ = {
			isa = PBXProject;
			attributes = {
				LastUpgradeCheck = 0730;
				ORGANIZATIONNAME = ItStep;
				TargetAttributes = {
					191E1D381E82BD1600F02EAB = {
						CreatedOnToolsVersion = 7.3;
						DevelopmentTeam = 4NUUXC6BSC;
					};
					191E1D541E82BD1600F02EAB = {
						CreatedOnToolsVersion = 7.3;
						DevelopmentTeam = 4NUUXC6BSC;
						TestTargetID = 191E1D381E82BD1600F02EAB;
					};
					191E1D5F1E82BD1700F02EAB = {
						CreatedOnToolsVersion = 7.3;
						DevelopmentTeam = 4NUUXC6BSC;
						TestTargetID = 191E1D381E82BD1600F02EAB;
					};
				};
			};
			buildConfigurationList = 191E1D341E82BD1600F02EAB /* Build configuration list for PBXProject "IOSBD" */;
			compatibilityVersion = "Xcode 3.2";
			developmentRegion = English;
			hasScannedForEncodings = 0;
			knownRegions = (
				en,
				Base,
			);
			mainGroup = 191E1D301E82BD1600F02EAB;
			productRefGroup = 191E1D3A1E82BD1600F02EAB /* Products */;
			projectDirPath = "";
			projectRoot = "";
			targets = (
				191E1D381E82BD1600F02EAB /* IOSBD */,
				191E1D541E82BD1600F02EAB /* IOSBDTests */,
				191E1D5F1E82BD1700F02EAB /* IOSBDUITests */,
			);
		};
/* End PBXProject section */

/* Begin PBXResourcesBuildPhase section */
		191E1D371E82BD1600F02EAB /* Resources */ = {
			isa = PBXResourcesBuildPhase;
			buildActionMask = 2147483647;
			files = (
				191E1D4F1E82BD1600F02EAB /* LaunchScreen.storyboard in Resources */,
				191E1D4C1E82BD1600F02EAB /* Assets.xcassets in Resources */,
				191E1D471E82BD1600F02EAB /* Main.storyboard in Resources */,
			);
			runOnlyForDeploymentPostprocessing = 0;
		};
		191E1D531E82BD1600F02EAB /* Resources */ = {
			isa = PBXResourcesBuildPhase;
			buildActionMask = 2147483647;
			files = (
			);
			runOnlyForDeploymentPostprocessing = 0;
		};
		191E1D5E1E82BD1700F02EAB /* Resources */ = {
			isa = PBXResourcesBuildPhase;
			buildActionMask = 2147483647;
			files = (
			);
			runOnlyForDeploymentPostprocessing = 0;
		};
/* End PBXResourcesBuildPhase section */

/* Begin PBXSourcesBuildPhase section */
		191E1D351E82BD1600F02EAB /* Sources */ = {
			isa = PBXSourcesBuildPhase;
			buildActionMask = 2147483647;
			files = (
				19F236F81E83070C007052F3 /* MyManagedObjectProductMO.m in Sources */,
				19F236FB1E830C6D007052F3 /* MyDataController.m in Sources */,
				191E1D741E82C34300F02EAB /* MyTableViewDataSource.m in Sources */,
				191E1D441E82BD1600F02EAB /* ViewController.m in Sources */,
				191E1D411E82BD1600F02EAB /* AppDelegate.m in Sources */,
				191E1D3E1E82BD1600F02EAB /* main.m in Sources */,
				19F236F71E83070C007052F3 /* MyManagedObjectProductMO+CoreDataProperties.m in Sources */,
				191E1D4A1E82BD1600F02EAB /* IOSBD.xcdatamodeld in Sources */,
			);
			runOnlyForDeploymentPostprocessing = 0;
		};
		191E1D511E82BD1600F02EAB /* Sources */ = {
			isa = PBXSourcesBuildPhase;
			buildActionMask = 2147483647;
			files = (
				191E1D5A1E82BD1600F02EAB /* IOSBDTests.m in Sources */,
			);
			runOnlyForDeploymentPostprocessing = 0;
		};
		191E1D5C1E82BD1700F02EAB /* Sources */ = {
			isa = PBXSourcesBuildPhase;
			buildActionMask = 2147483647;
			files = (
				191E1D651E82BD1700F02EAB /* IOSBDUITests.m in Sources */,
			);
			runOnlyForDeploymentPostprocessing = 0;
		};
/* End PBXSourcesBuildPhase section */

/* Begin PBXTargetDependency section */
		191E1D571E82BD1600F02EAB /* PBXTargetDependency */ = {
			isa = PBXTargetDependency;
			target = 191E1D381E82BD1600F02EAB /* IOSBD */;
			targetProxy = 191E1D561E82BD1600F02EAB /* PBXContainerItemProxy */;
		};
		191E1D621E82BD1700F02EAB /* PBXTargetDependency */ = {
			isa = PBXTargetDependency;
			target = 191E1D381E82BD1600F02EAB /* IOSBD */;
			targetProxy = 191E1D611E82BD1700F02EAB /* PBXContainerItemProxy */;
		};
/* End PBXTargetDependency section */

/* Begin PBXVariantGroup section */
		191E1D451E82BD1600F02EAB /* Main.storyboard */ = {
			isa = PBXVariantGroup;
			children = (
				191E1D461E82BD1600F02EAB /* Base */,
			);
			name = Main.storyboard;
			sourceTree = "<group>";
		};
		191E1D4D1E82BD1600F02EAB /* LaunchScreen.storyboard */ = {
			isa = PBXVariantGroup;
			children = (
				191E1D4E1E82BD1600F02EAB /* Base */,
			);
			name = LaunchScreen.storyboard;
			sourceTree = "<group>";
		};
/* End PBXVariantGroup section */

/* Begin XCBuildConfiguration section */
		191E1D671E82BD1700F02EAB /* Debug */ = {
			isa = XCBuildConfiguration;
			buildSettings = {
				ALWAYS_SEARCH_USER_PATHS = NO;
				CLANG_ANALYZER_NONNULL = YES;
				CLANG_CXX_LANGUAGE_STANDARD = "gnu++0x";
				CLANG_CXX_LIBRARY = "libc++";
				CLANG_ENABLE_MODULES = YES;
				CLANG_ENABLE_OBJC_ARC = YES;
				CLANG_WARN_BOOL_CONVERSION = YES;
				CLANG_WARN_CONSTANT_CONVERSION = YES;
				CLANG_WARN_DIRECT_OBJC_ISA_USAGE = YES_ERROR;
				CLANG_WARN_EMPTY_BODY = YES;
				CLANG_WARN_ENUM_CONVERSION = YES;
				CLANG_WARN_INT_CONVERSION = YES;
				CLANG_WARN_OBJC_ROOT_CLASS = YES_ERROR;
				CLANG_WARN_UNREACHABLE_CODE = YES;
				CLANG_WARN__DUPLICATE_METHOD_MATCH = YES;
				"CODE_SIGN_IDENTITY[sdk=iphoneos*]" = "iPhone Developer";
				COPY_PHASE_STRIP = NO;
				DEBUG_INFORMATION_FORMAT = dwarf;
				ENABLE_STRICT_OBJC_MSGSEND = YES;
				ENABLE_TESTABILITY = YES;
				GCC_C_LANGUAGE_STANDARD = gnu99;
				GCC_DYNAMIC_NO_PIC = NO;
				GCC_NO_COMMON_BLOCKS = YES;
				GCC_OPTIMIZATION_LEVEL = 0;
				GCC_PREPROCESSOR_DEFINITIONS = (
					"DEBUG=1",
					"$(inherited)",
				);
				GCC_WARN_64_TO_32_BIT_CONVERSION = YES;
				GCC_WARN_ABOUT_RETURN_TYPE = YES_ERROR;
				GCC_WARN_UNDECLARED_SELECTOR = YES;
				GCC_WARN_UNINITIALIZED_AUTOS = YES_AGGRESSIVE;
				GCC_WARN_UNUSED_FUNCTION = YES;
				GCC_WARN_UNUSED_VARIABLE = YES;
				IPHONEOS_DEPLOYMENT_TARGET = 9.3;
				MTL_ENABLE_DEBUG_INFO = YES;
				ONLY_ACTIVE_ARCH = YES;
				SDKROOT = iphoneos;
				TARGETED_DEVICE_FAMILY = "1,2";
			};
			name = Debug;
		};
		191E1D681E82BD1700F02EAB /* Release */ = {
			isa = XCBuildConfiguration;
			buildSettings = {
				ALWAYS_SEARCH_USER_PATHS = NO;
				CLANG_ANALYZER_NONNULL = YES;
				CLANG_CXX_LANGUAGE_STANDARD = "gnu++0x";
				CLANG_CXX_LIBRARY = "libc++";
				CLANG_ENABLE_MODULES = YES;
				CLANG_ENABLE_OBJC_ARC = YES;
				CLANG_WARN_BOOL_CONVERSION = YES;
				CLANG_WARN_CONSTANT_CONVERSION = YES;
				CLANG_WARN_DIRECT_OBJC_ISA_USAGE = YES_ERROR;
				CLANG_WARN_EMPTY_BODY = YES;
				CLANG_WARN_ENUM_CONVERSION = YES;
				CLANG_WARN_INT_CONVERSION = YES;
				CLANG_WARN_OBJC_ROOT_CLASS = YES_ERROR;
				CLANG_WARN_UNREACHABLE_CODE = YES;
				CLANG_WARN__DUPLICATE_METHOD_MATCH = YES;
				"CODE_SIGN_IDENTITY[sdk=iphoneos*]" = "iPhone Developer";
				COPY_PHASE_STRIP = NO;
				DEBUG_INFORMATION_FORMAT = "dwarf-with-dsym";
				ENABLE_NS_ASSERTIONS = NO;
				ENABLE_STRICT_OBJC_MSGSEND = YES;
				GCC_C_LANGUAGE_STANDARD = gnu99;
				GCC_NO_COMMON_BLOCKS = YES;
				GCC_WARN_64_TO_32_BIT_CONVERSION = YES;
				GCC_WARN_ABOUT_RETURN_TYPE = YES_ERROR;
				GCC_WARN_UNDECLARED_SELECTOR = YES;
				GCC_WARN_UNINITIALIZED_AUTOS = YES_AGGRESSIVE;
				GCC_WARN_UNUSED_FUNCTION = YES;
				GCC_WARN_UNUSED_VARIABLE = YES;
				IPHONEOS_DEPLOYMENT_TARGET = 9.3;
				MTL_ENABLE_DEBUG_INFO = NO;
				SDKROOT = iphoneos;
				TARGETED_DEVICE_FAMILY = "1,2";
				VALIDATE_PRODUCT = YES;
			};
			name = Release;
		};
		191E1D6A1E82BD1700F02EAB /* Debug */ = {
			isa = XCBuildConfiguration;
			buildSettings = {
				ASSETCATALOG_COMPILER_APPICON_NAME = AppIcon;
				INFOPLIST_FILE = IOSBD/Info.plist;
				LD_RUNPATH_SEARCH_PATHS = "$(inherited) @executable_path/Frameworks";
				PRODUCT_BUNDLE_IDENTIFIER = IOS103.IOSBD;
				PRODUCT_NAME = "$(TARGET_NAME)";
			};
			name = Debug;
		};
		191E1D6B1E82BD1700F02EAB /* Release */ = {
			isa = XCBuildConfiguration;
			buildSettings = {
				ASSETCATALOG_COMPILER_APPICON_NAME = AppIcon;
				INFOPLIST_FILE = IOSBD/Info.plist;
				LD_RUNPATH_SEARCH_PATHS = "$(inherited) @executable_path/Frameworks";
				PRODUCT_BUNDLE_IDENTIFIER = IOS103.IOSBD;
				PRODUCT_NAME = "$(TARGET_NAME)";
			};
			name = Release;
		};
		191E1D6D1E82BD1700F02EAB /* Debug */ = {
			isa = XCBuildConfiguration;
			buildSettings = {
				BUNDLE_LOADER = "$(TEST_HOST)";
				INFOPLIST_FILE = IOSBDTests/Info.plist;
				LD_RUNPATH_SEARCH_PATHS = "$(inherited) @executable_path/Frameworks @loader_path/Frameworks";
				PRODUCT_BUNDLE_IDENTIFIER = IOS103.IOSBDTests;
				PRODUCT_NAME = "$(TARGET_NAME)";
				TEST_HOST = "$(BUILT_PRODUCTS_DIR)/IOSBD.app/IOSBD";
			};
			name = Debug;
		};
		191E1D6E1E82BD1700F02EAB /* Release */ = {
			isa = XCBuildConfiguration;
			buildSettings = {
				BUNDLE_LOADER = "$(TEST_HOST)";
				INFOPLIST_FILE = IOSBDTests/Info.plist;
				LD_RUNPATH_SEARCH_PATHS = "$(inherited) @executable_path/Frameworks @loader_path/Frameworks";
				PRODUCT_BUNDLE_IDENTIFIER = IOS103.IOSBDTests;
				PRODUCT_NAME = "$(TARGET_NAME)";
				TEST_HOST = "$(BUILT_PRODUCTS_DIR)/IOSBD.app/IOSBD";
			};
			name = Release;
		};
		191E1D701E82BD1700F02EAB /* Debug */ = {
			isa = XCBuildConfiguration;
			buildSettings = {
				INFOPLIST_FILE = IOSBDUITests/Info.plist;
				LD_RUNPATH_SEARCH_PATHS = "$(inherited) @executable_path/Frameworks @loader_path/Frameworks";
				PRODUCT_BUNDLE_IDENTIFIER = IOS103.IOSBDUITests;
				PRODUCT_NAME = "$(TARGET_NAME)";
				TEST_TARGET_NAME = IOSBD;
			};
			name = Debug;
		};
		191E1D711E82BD1700F02EAB /* Release */ = {
			isa = XCBuildConfiguration;
			buildSettings = {
				INFOPLIST_FILE = IOSBDUITests/Info.plist;
				LD_RUNPATH_SEARCH_PATHS = "$(inherited) @executable_path/Frameworks @loader_path/Frameworks";
				PRODUCT_BUNDLE_IDENTIFIER = IOS103.IOSBDUITests;
				PRODUCT_NAME = "$(TARGET_NAME)";
				TEST_TARGET_NAME = IOSBD;
			};
			name = Release;
		};
/* End XCBuildConfiguration section */

/* Begin XCConfigurationList section */
		191E1D341E82BD1600F02EAB /* Build configuration list for PBXProject "IOSBD" */ = {
			isa = XCConfigurationList;
			buildConfigurations = (
				191E1D671E82BD1700F02EAB /* Debug */,
				191E1D681E82BD1700F02EAB /* Release */,
			);
			defaultConfigurationIsVisible = 0;
			defaultConfigurationName = Release;
		};
		191E1D691E82BD1700F02EAB /* Build configuration list for PBXNativeTarget "IOSBD" */ = {
			isa = XCConfigurationList;
			buildConfigurations = (
				191E1D6A1E82BD1700F02EAB /* Debug */,
				191E1D6B1E82BD1700F02EAB /* Release */,
			);
			defaultConfigurationIsVisible = 0;
			defaultConfigurationName = Release;
		};
		191E1D6C1E82BD1700F02EAB /* Build configuration list for PBXNativeTarget "IOSBDTests" */ = {
			isa = XCConfigurationList;
			buildConfigurations = (
				191E1D6D1E82BD1700F02EAB /* Debug */,
				191E1D6E1E82BD1700F02EAB /* Release */,
			);
			defaultConfigurationIsVisible = 0;
			defaultConfigurationName = Release;
		};
		191E1D6F1E82BD1700F02EAB /* Build configuration list for PBXNativeTarget "IOSBDUITests" */ = {
			isa = XCConfigurationList;
			buildConfigurations = (
				191E1D701E82BD1700F02EAB /* Debug */,
				191E1D711E82BD1700F02EAB /* Release */,
			);
			defaultConfigurationIsVisible = 0;
			defaultConfigurationName = Release;
		};
/* End XCConfigurationList section */

/* Begin XCVersionGroup section */
		191E1D481E82BD1600F02EAB /* IOSBD.xcdatamodeld */ = {
			isa = XCVersionGroup;
			children = (
				191E1D491E82BD1600F02EAB /* IOSBD.xcdatamodel */,
			);
			currentVersion = 191E1D491E82BD1600F02EAB /* IOSBD.xcdatamodel */;
			path = IOSBD.xcdatamodeld;
			sourceTree = "<group>";
			versionGroupType = wrapper.xcdatamodel;
		};
/* End XCVersionGroup section */
	};
	rootObject = 191E1D311E82BD1600F02EAB /* Project object */;
}
